// !$*UTF8*$!
{
	archiveVersion = 1;
	classes = {
	};
	objectVersion = 50;
	objects = {

/* Begin PBXBuildFile section */
		8C0C003723614D5C007EA32E /* UIScrollView+ALKeyboard.swift in Sources */ = {isa = PBXBuildFile; fileRef = 8C0C003623614D5C007EA32E /* UIScrollView+ALKeyboard.swift */; };
		8C61BCDA2305082D0011F8E5 /* CompileSourceParse.m in Sources */ = {isa = PBXBuildFile; fileRef = 8C61BCD92305082D0011F8E5 /* CompileSourceParse.m */; };
		8C61BCDD2305086F0011F8E5 /* sourceString1.txt in Resources */ = {isa = PBXBuildFile; fileRef = 8C61BCDC2305086F0011F8E5 /* sourceString1.txt */; };
		8C61BCDF2305087F0011F8E5 /* sourceString2.txt in Resources */ = {isa = PBXBuildFile; fileRef = 8C61BCDE2305087F0011F8E5 /* sourceString2.txt */; };
		8C6508CA239662C700484C1C /* NotificationService.m in Sources */ = {isa = PBXBuildFile; fileRef = 8C6508C9239662C700484C1C /* NotificationService.m */; };
		8C6508CE239662C700484C1C /* notification.appex in Embed App Extensions */ = {isa = PBXBuildFile; fileRef = 8C6508C6239662C700484C1C /* notification.appex */; settings = {ATTRIBUTES = (RemoveHeadersOnCopy, ); }; };
		8C6AB19E2626C7B400043B18 /* LeetCodeC2.c in Sources */ = {isa = PBXBuildFile; fileRef = 8C4C2AE425D128B500968DA2 /* LeetCodeC2.c */; };
		8C6D795723570E09004FFF4A /* Localizable.strings in Resources */ = {isa = PBXBuildFile; fileRef = 8C6D795523570E09004FFF4A /* Localizable.strings */; };
		8CA036262362D946007FAEB2 /* CommonToolTests.m in Sources */ = {isa = PBXBuildFile; fileRef = 8CA036252362D946007FAEB2 /* CommonToolTests.m */; };
		8CC0ABA822BCBBAB001BB84D /* AppDelegate.m in Sources */ = {isa = PBXBuildFile; fileRef = 8CC0ABA722BCBBAB001BB84D /* AppDelegate.m */; };
		8CC0ABAB22BCBBAB001BB84D /* ViewController.m in Sources */ = {isa = PBXBuildFile; fileRef = 8CC0ABAA22BCBBAB001BB84D /* ViewController.m */; };
		8CC0ABAE22BCBBAB001BB84D /* Main.storyboard in Resources */ = {isa = PBXBuildFile; fileRef = 8CC0ABAC22BCBBAB001BB84D /* Main.storyboard */; };
		8CC0ABB022BCBBAD001BB84D /* Assets.xcassets in Resources */ = {isa = PBXBuildFile; fileRef = 8CC0ABAF22BCBBAD001BB84D /* Assets.xcassets */; };
		8CC0ABB322BCBBAD001BB84D /* LaunchScreen.storyboard in Resources */ = {isa = PBXBuildFile; fileRef = 8CC0ABB122BCBBAD001BB84D /* LaunchScreen.storyboard */; };
		8CC0ABB622BCBBAD001BB84D /* main.m in Sources */ = {isa = PBXBuildFile; fileRef = 8CC0ABB522BCBBAD001BB84D /* main.m */; };
		8CC2069A23FA489F00AD3E2E /* ALLabelCollectionView.m in Sources */ = {isa = PBXBuildFile; fileRef = 8CC2069923FA489F00AD3E2E /* ALLabelCollectionView.m */; };
		8CC2069E23FA496100AD3E2E /* ALLabelCollectionViewCell.m in Sources */ = {isa = PBXBuildFile; fileRef = 8CC2069C23FA496100AD3E2E /* ALLabelCollectionViewCell.m */; };
		8CC2069F23FA496100AD3E2E /* ALLabelCollectionViewCell.xib in Resources */ = {isa = PBXBuildFile; fileRef = 8CC2069D23FA496100AD3E2E /* ALLabelCollectionViewCell.xib */; };
		8CC206A323FA4D3500AD3E2E /* ALLabelCollectionCellModel.m in Sources */ = {isa = PBXBuildFile; fileRef = 8CC206A223FA4D3500AD3E2E /* ALLabelCollectionCellModel.m */; };
		8CC206A823FA688D00AD3E2E /* ALLabelCollectionDemoViewController.m in Sources */ = {isa = PBXBuildFile; fileRef = 8CC206A623FA688D00AD3E2E /* ALLabelCollectionDemoViewController.m */; };
		8CC206A923FA688D00AD3E2E /* ALLabelCollectionDemoViewController.xib in Resources */ = {isa = PBXBuildFile; fileRef = 8CC206A723FA688D00AD3E2E /* ALLabelCollectionDemoViewController.xib */; };
		8CC206AD23FA6E4000AD3E2E /* ALPageViewController.m in Sources */ = {isa = PBXBuildFile; fileRef = 8CC206AC23FA6E4000AD3E2E /* ALPageViewController.m */; };
		8CC206B123FA6E5900AD3E2E /* ALControllerCollectionViewCell.m in Sources */ = {isa = PBXBuildFile; fileRef = 8CC206B023FA6E5900AD3E2E /* ALControllerCollectionViewCell.m */; };
		8CE4570122D867B7002EA4CF /* NSObject+ALSwizzing.m in Sources */ = {isa = PBXBuildFile; fileRef = 8CE4570022D867B7002EA4CF /* NSObject+ALSwizzing.m */; };
		8CE4570522D867CD002EA4CF /* UIView+ALInController.m in Sources */ = {isa = PBXBuildFile; fileRef = 8CE4570322D867CD002EA4CF /* UIView+ALInController.m */; };
		8CE4570922D867E5002EA4CF /* NSString+ALHelper.m in Sources */ = {isa = PBXBuildFile; fileRef = 8CE4570722D867E5002EA4CF /* NSString+ALHelper.m */; };
		8CE4570D22D86856002EA4CF /* UIViewController+AZLTopController.m in Sources */ = {isa = PBXBuildFile; fileRef = 8CE4570C22D86856002EA4CF /* UIViewController+AZLTopController.m */; };
		8CE4571022D87113002EA4CF /* UIView+AZLXibExtend.m in Sources */ = {isa = PBXBuildFile; fileRef = 8CE4570E22D87113002EA4CF /* UIView+AZLXibExtend.m */; };
		8CE4571422D871DE002EA4CF /* NSURL+AZLProcess.m in Sources */ = {isa = PBXBuildFile; fileRef = 8CE4571222D871DE002EA4CF /* NSURL+AZLProcess.m */; };
		8CE4571822D87331002EA4CF /* UINavigationController+AZLPop.m in Sources */ = {isa = PBXBuildFile; fileRef = 8CE4571722D87331002EA4CF /* UINavigationController+AZLPop.m */; };
		8CF75FEA22FBDD5F002E9CCE /* LeetCodeC.c in Sources */ = {isa = PBXBuildFile; fileRef = 8CF75FE922FBDD5F002E9CCE /* LeetCodeC.c */; };
/* End PBXBuildFile section */

/* Begin PBXContainerItemProxy section */
		8C6508CC239662C700484C1C /* PBXContainerItemProxy */ = {
			isa = PBXContainerItemProxy;
			containerPortal = 8CC0AB9B22BCBBAB001BB84D /* Project object */;
			proxyType = 1;
			remoteGlobalIDString = 8C6508C5239662C700484C1C;
			remoteInfo = notification;
		};
		8CA036282362D946007FAEB2 /* PBXContainerItemProxy */ = {
			isa = PBXContainerItemProxy;
			containerPortal = 8CC0AB9B22BCBBAB001BB84D /* Project object */;
			proxyType = 1;
			remoteGlobalIDString = 8CC0ABA222BCBBAB001BB84D;
			remoteInfo = CommonTool;
		};
		8CB1E7A3256BC6160088B6F1 /* PBXContainerItemProxy */ = {
			isa = PBXContainerItemProxy;
			containerPortal = 8CB1E79F256BC6160088B6F1 /* CommonToolExtend.xcodeproj */;
			proxyType = 2;
			remoteGlobalIDString = 8CB1E793256BC4530088B6F1;
			remoteInfo = CommonToolExtend;
		};
		8CB1E7AE256BC6800088B6F1 /* PBXContainerItemProxy */ = {
			isa = PBXContainerItemProxy;
			containerPortal = 8CB1E79F256BC6160088B6F1 /* CommonToolExtend.xcodeproj */;
			proxyType = 1;
			remoteGlobalIDString = 8CB1E792256BC4530088B6F1;
			remoteInfo = CommonToolExtend;
		};
/* End PBXContainerItemProxy section */

/* Begin PBXCopyFilesBuildPhase section */
		8C6508C12396628600484C1C /* Embed App Extensions */ = {
			isa = PBXCopyFilesBuildPhase;
			buildActionMask = 2147483647;
			dstPath = "";
			dstSubfolderSpec = 13;
			files = (
				8C6508CE239662C700484C1C /* notification.appex in Embed App Extensions */,
			);
			name = "Embed App Extensions";
			runOnlyForDeploymentPostprocessing = 0;
		};
/* End PBXCopyFilesBuildPhase section */

/* Begin PBXFileReference section */
		8C0C003523614D5B007EA32E /* CommonTool-Bridging-Header.h */ = {isa = PBXFileReference; lastKnownFileType = sourcecode.c.h; path = "CommonTool-Bridging-Header.h"; sourceTree = "<group>"; };
		8C0C003623614D5C007EA32E /* UIScrollView+ALKeyboard.swift */ = {isa = PBXFileReference; fileEncoding = 4; lastKnownFileType = sourcecode.swift; path = "UIScrollView+ALKeyboard.swift"; sourceTree = "<group>"; };
		8C39A02C23585234006CC5DC /* zh-Hant */ = {isa = PBXFileReference; lastKnownFileType = text.plist.strings; name = "zh-Hant"; path = "zh-Hant.lproj/Main.strings"; sourceTree = "<group>"; };
		8C39A02D23585235006CC5DC /* zh-Hant */ = {isa = PBXFileReference; lastKnownFileType = text.plist.strings; name = "zh-Hant"; path = "zh-Hant.lproj/LaunchScreen.strings"; sourceTree = "<group>"; };
		8C39A02E23585235006CC5DC /* zh-Hant */ = {isa = PBXFileReference; lastKnownFileType = text.plist.strings; name = "zh-Hant"; path = "zh-Hant.lproj/Localizable.strings"; sourceTree = "<group>"; };
		8C39A02F23585256006CC5DC /* zh-Hans-SG */ = {isa = PBXFileReference; lastKnownFileType = text.plist.strings; name = "zh-Hans-SG"; path = "zh-Hans-SG.lproj/Main.strings"; sourceTree = "<group>"; };
		8C39A03023585256006CC5DC /* zh-Hans-SG */ = {isa = PBXFileReference; lastKnownFileType = text.plist.strings; name = "zh-Hans-SG"; path = "zh-Hans-SG.lproj/LaunchScreen.strings"; sourceTree = "<group>"; };
		8C39A03123585256006CC5DC /* zh-Hans-SG */ = {isa = PBXFileReference; lastKnownFileType = text.plist.strings; name = "zh-Hans-SG"; path = "zh-Hans-SG.lproj/Localizable.strings"; sourceTree = "<group>"; };
		8C39A0322358527F006CC5DC /* en-SG */ = {isa = PBXFileReference; lastKnownFileType = text.plist.strings; name = "en-SG"; path = "en-SG.lproj/Main.strings"; sourceTree = "<group>"; };
		8C39A03323585280006CC5DC /* en-SG */ = {isa = PBXFileReference; lastKnownFileType = text.plist.strings; name = "en-SG"; path = "en-SG.lproj/LaunchScreen.strings"; sourceTree = "<group>"; };
		8C39A03423585280006CC5DC /* en-SG */ = {isa = PBXFileReference; lastKnownFileType = text.plist.strings; name = "en-SG"; path = "en-SG.lproj/Localizable.strings"; sourceTree = "<group>"; };
		8C39A03523585297006CC5DC /* en-MY */ = {isa = PBXFileReference; lastKnownFileType = text.plist.strings; name = "en-MY"; path = "en-MY.lproj/Main.strings"; sourceTree = "<group>"; };
		8C39A03623585297006CC5DC /* en-MY */ = {isa = PBXFileReference; lastKnownFileType = text.plist.strings; name = "en-MY"; path = "en-MY.lproj/LaunchScreen.strings"; sourceTree = "<group>"; };
		8C39A03723585297006CC5DC /* en-MY */ = {isa = PBXFileReference; lastKnownFileType = text.plist.strings; name = "en-MY"; path = "en-MY.lproj/Localizable.strings"; sourceTree = "<group>"; };
		8C39A038235852B3006CC5DC /* ms */ = {isa = PBXFileReference; lastKnownFileType = text.plist.strings; name = ms; path = ms.lproj/Main.strings; sourceTree = "<group>"; };
		8C39A039235852B3006CC5DC /* ms */ = {isa = PBXFileReference; lastKnownFileType = text.plist.strings; name = ms; path = ms.lproj/LaunchScreen.strings; sourceTree = "<group>"; };
		8C39A03A235852B3006CC5DC /* ms */ = {isa = PBXFileReference; lastKnownFileType = text.plist.strings; name = ms; path = ms.lproj/Localizable.strings; sourceTree = "<group>"; };
		8C39A03B235852EB006CC5DC /* en-HK */ = {isa = PBXFileReference; lastKnownFileType = text.plist.strings; name = "en-HK"; path = "en-HK.lproj/Main.strings"; sourceTree = "<group>"; };
		8C39A03C235852EB006CC5DC /* en-HK */ = {isa = PBXFileReference; lastKnownFileType = text.plist.strings; name = "en-HK"; path = "en-HK.lproj/LaunchScreen.strings"; sourceTree = "<group>"; };
		8C39A03D235852EB006CC5DC /* en-HK */ = {isa = PBXFileReference; lastKnownFileType = text.plist.strings; name = "en-HK"; path = "en-HK.lproj/Localizable.strings"; sourceTree = "<group>"; };
		8C4C2AE325D128B500968DA2 /* LeetCodeC2.h */ = {isa = PBXFileReference; lastKnownFileType = sourcecode.c.h; path = LeetCodeC2.h; sourceTree = "<group>"; };
		8C4C2AE425D128B500968DA2 /* LeetCodeC2.c */ = {isa = PBXFileReference; lastKnownFileType = sourcecode.c.c; path = LeetCodeC2.c; sourceTree = "<group>"; };
		8C61BCD82305082D0011F8E5 /* CompileSourceParse.h */ = {isa = PBXFileReference; lastKnownFileType = sourcecode.c.h; path = CompileSourceParse.h; sourceTree = "<group>"; };
		8C61BCD92305082D0011F8E5 /* CompileSourceParse.m */ = {isa = PBXFileReference; lastKnownFileType = sourcecode.c.objc; path = CompileSourceParse.m; sourceTree = "<group>"; };
		8C61BCDC2305086F0011F8E5 /* sourceString1.txt */ = {isa = PBXFileReference; lastKnownFileType = text; path = sourceString1.txt; sourceTree = "<group>"; };
		8C61BCDE2305087F0011F8E5 /* sourceString2.txt */ = {isa = PBXFileReference; lastKnownFileType = text; path = sourceString2.txt; sourceTree = "<group>"; };
		8C6508B123965FE200484C1C /* CommonTool.entitlements */ = {isa = PBXFileReference; lastKnownFileType = text.plist.entitlements; path = CommonTool.entitlements; sourceTree = "<group>"; };
		8C6508C6239662C700484C1C /* notification.appex */ = {isa = PBXFileReference; explicitFileType = "wrapper.app-extension"; includeInIndex = 0; path = notification.appex; sourceTree = BUILT_PRODUCTS_DIR; };
		8C6508C8239662C700484C1C /* NotificationService.h */ = {isa = PBXFileReference; lastKnownFileType = sourcecode.c.h; path = NotificationService.h; sourceTree = "<group>"; };
		8C6508C9239662C700484C1C /* NotificationService.m */ = {isa = PBXFileReference; lastKnownFileType = sourcecode.c.objc; path = NotificationService.m; sourceTree = "<group>"; };
		8C6508CB239662C700484C1C /* Info.plist */ = {isa = PBXFileReference; lastKnownFileType = text.plist.xml; path = Info.plist; sourceTree = "<group>"; };
		8C6D795623570E09004FFF4A /* Base */ = {isa = PBXFileReference; lastKnownFileType = text.plist.strings; name = Base; path = Base.lproj/Localizable.strings; sourceTree = "<group>"; };
		8C6D795923570E19004FFF4A /* en */ = {isa = PBXFileReference; lastKnownFileType = text.plist.strings; name = en; path = en.lproj/Localizable.strings; sourceTree = "<group>"; };
		8CA036232362D946007FAEB2 /* CommonToolTests.xctest */ = {isa = PBXFileReference; explicitFileType = wrapper.cfbundle; includeInIndex = 0; path = CommonToolTests.xctest; sourceTree = BUILT_PRODUCTS_DIR; };
		8CA036252362D946007FAEB2 /* CommonToolTests.m */ = {isa = PBXFileReference; lastKnownFileType = sourcecode.c.objc; path = CommonToolTests.m; sourceTree = "<group>"; };
		8CA036272362D946007FAEB2 /* Info.plist */ = {isa = PBXFileReference; lastKnownFileType = text.plist.xml; path = Info.plist; sourceTree = "<group>"; };
		8CB1E79F256BC6160088B6F1 /* CommonToolExtend.xcodeproj */ = {isa = PBXFileReference; lastKnownFileType = "wrapper.pb-project"; name = CommonToolExtend.xcodeproj; path = CommonToolExtend/CommonToolExtend.xcodeproj; sourceTree = "<group>"; };
		8CC0ABA322BCBBAB001BB84D /* CommonTool.app */ = {isa = PBXFileReference; explicitFileType = wrapper.application; includeInIndex = 0; path = CommonTool.app; sourceTree = BUILT_PRODUCTS_DIR; };
		8CC0ABA622BCBBAB001BB84D /* AppDelegate.h */ = {isa = PBXFileReference; lastKnownFileType = sourcecode.c.h; path = AppDelegate.h; sourceTree = "<group>"; };
		8CC0ABA722BCBBAB001BB84D /* AppDelegate.m */ = {isa = PBXFileReference; lastKnownFileType = sourcecode.c.objc; path = AppDelegate.m; sourceTree = "<group>"; };
		8CC0ABA922BCBBAB001BB84D /* ViewController.h */ = {isa = PBXFileReference; lastKnownFileType = sourcecode.c.h; path = ViewController.h; sourceTree = "<group>"; };
		8CC0ABAA22BCBBAB001BB84D /* ViewController.m */ = {isa = PBXFileReference; lastKnownFileType = sourcecode.c.objc; path = ViewController.m; sourceTree = "<group>"; };
		8CC0ABAD22BCBBAB001BB84D /* Base */ = {isa = PBXFileReference; lastKnownFileType = file.storyboard; name = Base; path = Base.lproj/Main.storyboard; sourceTree = "<group>"; };
		8CC0ABAF22BCBBAD001BB84D /* Assets.xcassets */ = {isa = PBXFileReference; lastKnownFileType = folder.assetcatalog; path = Assets.xcassets; sourceTree = "<group>"; };
		8CC0ABB222BCBBAD001BB84D /* Base */ = {isa = PBXFileReference; lastKnownFileType = file.storyboard; name = Base; path = Base.lproj/LaunchScreen.storyboard; sourceTree = "<group>"; };
		8CC0ABB422BCBBAD001BB84D /* Info.plist */ = {isa = PBXFileReference; lastKnownFileType = text.plist.xml; path = Info.plist; sourceTree = "<group>"; };
		8CC0ABB522BCBBAD001BB84D /* main.m */ = {isa = PBXFileReference; lastKnownFileType = sourcecode.c.objc; path = main.m; sourceTree = "<group>"; };
		8CC2069823FA489F00AD3E2E /* ALLabelCollectionView.h */ = {isa = PBXFileReference; lastKnownFileType = sourcecode.c.h; path = ALLabelCollectionView.h; sourceTree = "<group>"; };
		8CC2069923FA489F00AD3E2E /* ALLabelCollectionView.m */ = {isa = PBXFileReference; lastKnownFileType = sourcecode.c.objc; path = ALLabelCollectionView.m; sourceTree = "<group>"; };
		8CC2069B23FA496100AD3E2E /* ALLabelCollectionViewCell.h */ = {isa = PBXFileReference; lastKnownFileType = sourcecode.c.h; path = ALLabelCollectionViewCell.h; sourceTree = "<group>"; };
		8CC2069C23FA496100AD3E2E /* ALLabelCollectionViewCell.m */ = {isa = PBXFileReference; lastKnownFileType = sourcecode.c.objc; path = ALLabelCollectionViewCell.m; sourceTree = "<group>"; };
		8CC2069D23FA496100AD3E2E /* ALLabelCollectionViewCell.xib */ = {isa = PBXFileReference; lastKnownFileType = file.xib; path = ALLabelCollectionViewCell.xib; sourceTree = "<group>"; };
		8CC206A123FA4D3500AD3E2E /* ALLabelCollectionCellModel.h */ = {isa = PBXFileReference; lastKnownFileType = sourcecode.c.h; path = ALLabelCollectionCellModel.h; sourceTree = "<group>"; };
		8CC206A223FA4D3500AD3E2E /* ALLabelCollectionCellModel.m */ = {isa = PBXFileReference; lastKnownFileType = sourcecode.c.objc; path = ALLabelCollectionCellModel.m; sourceTree = "<group>"; };
		8CC206A523FA688D00AD3E2E /* ALLabelCollectionDemoViewController.h */ = {isa = PBXFileReference; lastKnownFileType = sourcecode.c.h; path = ALLabelCollectionDemoViewController.h; sourceTree = "<group>"; };
		8CC206A623FA688D00AD3E2E /* ALLabelCollectionDemoViewController.m */ = {isa = PBXFileReference; lastKnownFileType = sourcecode.c.objc; path = ALLabelCollectionDemoViewController.m; sourceTree = "<group>"; };
		8CC206A723FA688D00AD3E2E /* ALLabelCollectionDemoViewController.xib */ = {isa = PBXFileReference; lastKnownFileType = file.xib; path = ALLabelCollectionDemoViewController.xib; sourceTree = "<group>"; };
		8CC206AB23FA6E4000AD3E2E /* ALPageViewController.h */ = {isa = PBXFileReference; lastKnownFileType = sourcecode.c.h; path = ALPageViewController.h; sourceTree = "<group>"; };
		8CC206AC23FA6E4000AD3E2E /* ALPageViewController.m */ = {isa = PBXFileReference; lastKnownFileType = sourcecode.c.objc; path = ALPageViewController.m; sourceTree = "<group>"; };
		8CC206AF23FA6E5900AD3E2E /* ALControllerCollectionViewCell.h */ = {isa = PBXFileReference; lastKnownFileType = sourcecode.c.h; path = ALControllerCollectionViewCell.h; sourceTree = "<group>"; };
		8CC206B023FA6E5900AD3E2E /* ALControllerCollectionViewCell.m */ = {isa = PBXFileReference; lastKnownFileType = sourcecode.c.objc; path = ALControllerCollectionViewCell.m; sourceTree = "<group>"; };
		8CE456FF22D867B7002EA4CF /* NSObject+ALSwizzing.h */ = {isa = PBXFileReference; fileEncoding = 4; lastKnownFileType = sourcecode.c.h; path = "NSObject+ALSwizzing.h"; sourceTree = "<group>"; };
		8CE4570022D867B7002EA4CF /* NSObject+ALSwizzing.m */ = {isa = PBXFileReference; fileEncoding = 4; lastKnownFileType = sourcecode.c.objc; path = "NSObject+ALSwizzing.m"; sourceTree = "<group>"; };
		8CE4570322D867CD002EA4CF /* UIView+ALInController.m */ = {isa = PBXFileReference; fileEncoding = 4; lastKnownFileType = sourcecode.c.objc; path = "UIView+ALInController.m"; sourceTree = "<group>"; };
		8CE4570422D867CD002EA4CF /* UIView+ALInController.h */ = {isa = PBXFileReference; fileEncoding = 4; lastKnownFileType = sourcecode.c.h; path = "UIView+ALInController.h"; sourceTree = "<group>"; };
		8CE4570722D867E5002EA4CF /* NSString+ALHelper.m */ = {isa = PBXFileReference; fileEncoding = 4; lastKnownFileType = sourcecode.c.objc; path = "NSString+ALHelper.m"; sourceTree = "<group>"; };
		8CE4570822D867E5002EA4CF /* NSString+ALHelper.h */ = {isa = PBXFileReference; fileEncoding = 4; lastKnownFileType = sourcecode.c.h; path = "NSString+ALHelper.h"; sourceTree = "<group>"; };
		8CE4570B22D86856002EA4CF /* UIViewController+AZLTopController.h */ = {isa = PBXFileReference; fileEncoding = 4; lastKnownFileType = sourcecode.c.h; path = "UIViewController+AZLTopController.h"; sourceTree = "<group>"; };
		8CE4570C22D86856002EA4CF /* UIViewController+AZLTopController.m */ = {isa = PBXFileReference; fileEncoding = 4; lastKnownFileType = sourcecode.c.objc; path = "UIViewController+AZLTopController.m"; sourceTree = "<group>"; };
		8CE4570E22D87113002EA4CF /* UIView+AZLXibExtend.m */ = {isa = PBXFileReference; fileEncoding = 4; lastKnownFileType = sourcecode.c.objc; path = "UIView+AZLXibExtend.m"; sourceTree = "<group>"; };
		8CE4570F22D87113002EA4CF /* UIView+AZLXibExtend.h */ = {isa = PBXFileReference; fileEncoding = 4; lastKnownFileType = sourcecode.c.h; path = "UIView+AZLXibExtend.h"; sourceTree = "<group>"; };
		8CE4571222D871DE002EA4CF /* NSURL+AZLProcess.m */ = {isa = PBXFileReference; fileEncoding = 4; lastKnownFileType = sourcecode.c.objc; path = "NSURL+AZLProcess.m"; sourceTree = "<group>"; };
		8CE4571322D871DE002EA4CF /* NSURL+AZLProcess.h */ = {isa = PBXFileReference; fileEncoding = 4; lastKnownFileType = sourcecode.c.h; path = "NSURL+AZLProcess.h"; sourceTree = "<group>"; };
		8CE4571622D87331002EA4CF /* UINavigationController+AZLPop.h */ = {isa = PBXFileReference; fileEncoding = 4; lastKnownFileType = sourcecode.c.h; path = "UINavigationController+AZLPop.h"; sourceTree = "<group>"; };
		8CE4571722D87331002EA4CF /* UINavigationController+AZLPop.m */ = {isa = PBXFileReference; fileEncoding = 4; lastKnownFileType = sourcecode.c.objc; path = "UINavigationController+AZLPop.m"; sourceTree = "<group>"; };
		8CF75FE822FBDD5F002E9CCE /* LeetCodeC.h */ = {isa = PBXFileReference; lastKnownFileType = sourcecode.c.h; path = LeetCodeC.h; sourceTree = "<group>"; };
		8CF75FE922FBDD5F002E9CCE /* LeetCodeC.c */ = {isa = PBXFileReference; lastKnownFileType = sourcecode.c.c; path = LeetCodeC.c; sourceTree = "<group>"; };
/* End PBXFileReference section */

/* Begin PBXFrameworksBuildPhase section */
		8C6508C3239662C700484C1C /* Frameworks */ = {
			isa = PBXFrameworksBuildPhase;
			buildActionMask = 2147483647;
			files = (
			);
			runOnlyForDeploymentPostprocessing = 0;
		};
		8CA036202362D946007FAEB2 /* Frameworks */ = {
			isa = PBXFrameworksBuildPhase;
			buildActionMask = 2147483647;
			files = (
			);
			runOnlyForDeploymentPostprocessing = 0;
		};
		8CC0ABA022BCBBAB001BB84D /* Frameworks */ = {
			isa = PBXFrameworksBuildPhase;
			buildActionMask = 2147483647;
			files = (
			);
			runOnlyForDeploymentPostprocessing = 0;
		};
/* End PBXFrameworksBuildPhase section */

/* Begin PBXGroup section */
		8C0C003423614D46007EA32E /* Swift */ = {
			isa = PBXGroup;
			children = (
				8C0C003623614D5C007EA32E /* UIScrollView+ALKeyboard.swift */,
			);
			path = Swift;
			sourceTree = "<group>";
		};
		8C61BCD7230508090011F8E5 /* Tool */ = {
			isa = PBXGroup;
			children = (
				8C61BCD82305082D0011F8E5 /* CompileSourceParse.h */,
				8C61BCD92305082D0011F8E5 /* CompileSourceParse.m */,
			);
			path = Tool;
			sourceTree = "<group>";
		};
		8C61BCDB230508550011F8E5 /* Resources */ = {
			isa = PBXGroup;
			children = (
				8C61BCDC2305086F0011F8E5 /* sourceString1.txt */,
				8C61BCDE2305087F0011F8E5 /* sourceString2.txt */,
			);
			path = Resources;
			sourceTree = "<group>";
		};
		8C6508C7239662C700484C1C /* notification */ = {
			isa = PBXGroup;
			children = (
				8C6508C8239662C700484C1C /* NotificationService.h */,
				8C6508C9239662C700484C1C /* NotificationService.m */,
				8C6508CB239662C700484C1C /* Info.plist */,
			);
			path = notification;
			sourceTree = "<group>";
		};
		8CA036242362D946007FAEB2 /* CommonToolTests */ = {
			isa = PBXGroup;
			children = (
				8CA036252362D946007FAEB2 /* CommonToolTests.m */,
				8CA036272362D946007FAEB2 /* Info.plist */,
			);
			path = CommonToolTests;
			sourceTree = "<group>";
		};
		8CB1E7A0256BC6160088B6F1 /* Products */ = {
			isa = PBXGroup;
			children = (
				8CB1E7A4256BC6160088B6F1 /* CommonToolExtend.framework */,
			);
			name = Products;
			sourceTree = "<group>";
		};
		8CC0AB9A22BCBBAB001BB84D = {
			isa = PBXGroup;
			children = (
				8CB1E79F256BC6160088B6F1 /* CommonToolExtend.xcodeproj */,
				8CC0ABA522BCBBAB001BB84D /* CommonTool */,
				8CA036242362D946007FAEB2 /* CommonToolTests */,
				8C6508C7239662C700484C1C /* notification */,
				8CC0ABA422BCBBAB001BB84D /* Products */,
			);
			sourceTree = "<group>";
		};
		8CC0ABA422BCBBAB001BB84D /* Products */ = {
			isa = PBXGroup;
			children = (
				8CC0ABA322BCBBAB001BB84D /* CommonTool.app */,
				8CA036232362D946007FAEB2 /* CommonToolTests.xctest */,
				8C6508C6239662C700484C1C /* notification.appex */,
			);
			name = Products;
			sourceTree = "<group>";
		};
		8CC0ABA522BCBBAB001BB84D /* CommonTool */ = {
			isa = PBXGroup;
			children = (
				8C6508B123965FE200484C1C /* CommonTool.entitlements */,
				8C0C003523614D5B007EA32E /* CommonTool-Bridging-Header.h */,
				8C61BCDB230508550011F8E5 /* Resources */,
				8C61BCD7230508090011F8E5 /* Tool */,
				8CF75FE722FBDD25002E9CCE /* LeetCodeC */,
				8CE456FD22D86776002EA4CF /* Cate */,
				8CC0ABA622BCBBAB001BB84D /* AppDelegate.h */,
				8CC0ABA722BCBBAB001BB84D /* AppDelegate.m */,
				8CC0ABA922BCBBAB001BB84D /* ViewController.h */,
				8CC0ABAA22BCBBAB001BB84D /* ViewController.m */,
				8CC206AA23FA6E2700AD3E2E /* ALPageController */,
				8CC206A423FA687500AD3E2E /* Demo */,
				8CC2069623FA47D800AD3E2E /* ALLabelCollect */,
				8C6D795523570E09004FFF4A /* Localizable.strings */,
				8CC0ABAC22BCBBAB001BB84D /* Main.storyboard */,
				8CC0ABAF22BCBBAD001BB84D /* Assets.xcassets */,
				8CC0ABB122BCBBAD001BB84D /* LaunchScreen.storyboard */,
				8CC0ABB422BCBBAD001BB84D /* Info.plist */,
				8CC0ABB522BCBBAD001BB84D /* main.m */,
			);
			path = CommonTool;
			sourceTree = "<group>";
		};
		8CC2069623FA47D800AD3E2E /* ALLabelCollect */ = {
			isa = PBXGroup;
			children = (
				8CC206A023FA4D1800AD3E2E /* Model */,
				8CC2069823FA489F00AD3E2E /* ALLabelCollectionView.h */,
				8CC2069923FA489F00AD3E2E /* ALLabelCollectionView.m */,
				8CC2069B23FA496100AD3E2E /* ALLabelCollectionViewCell.h */,
				8CC2069C23FA496100AD3E2E /* ALLabelCollectionViewCell.m */,
				8CC2069D23FA496100AD3E2E /* ALLabelCollectionViewCell.xib */,
			);
			path = ALLabelCollect;
			sourceTree = "<group>";
		};
		8CC206A023FA4D1800AD3E2E /* Model */ = {
			isa = PBXGroup;
			children = (
				8CC206A123FA4D3500AD3E2E /* ALLabelCollectionCellModel.h */,
				8CC206A223FA4D3500AD3E2E /* ALLabelCollectionCellModel.m */,
			);
			path = Model;
			sourceTree = "<group>";
		};
		8CC206A423FA687500AD3E2E /* Demo */ = {
			isa = PBXGroup;
			children = (
				8CC206A523FA688D00AD3E2E /* ALLabelCollectionDemoViewController.h */,
				8CC206A623FA688D00AD3E2E /* ALLabelCollectionDemoViewController.m */,
				8CC206A723FA688D00AD3E2E /* ALLabelCollectionDemoViewController.xib */,
			);
			path = Demo;
			sourceTree = "<group>";
		};
		8CC206AA23FA6E2700AD3E2E /* ALPageController */ = {
			isa = PBXGroup;
			children = (
				8CC206AE23FA6E4400AD3E2E /* Cell */,
				8CC206AB23FA6E4000AD3E2E /* ALPageViewController.h */,
				8CC206AC23FA6E4000AD3E2E /* ALPageViewController.m */,
			);
			path = ALPageController;
			sourceTree = "<group>";
		};
		8CC206AE23FA6E4400AD3E2E /* Cell */ = {
			isa = PBXGroup;
			children = (
				8CC206AF23FA6E5900AD3E2E /* ALControllerCollectionViewCell.h */,
				8CC206B023FA6E5900AD3E2E /* ALControllerCollectionViewCell.m */,
			);
			path = Cell;
			sourceTree = "<group>";
		};
		8CE456FD22D86776002EA4CF /* Cate */ = {
			isa = PBXGroup;
			children = (
				8CE4571522D87326002EA4CF /* UINavigationController */,
				8CE4571122D871D3002EA4CF /* NSURL */,
				8CE4570A22D86848002EA4CF /* UIViewController */,
				8CE4570622D867D6002EA4CF /* NSString */,
				8CE4570222D867BB002EA4CF /* UIView */,
				8CE456FE22D867A5002EA4CF /* NSObject */,
			);
			path = Cate;
			sourceTree = "<group>";
		};
		8CE456FE22D867A5002EA4CF /* NSObject */ = {
			isa = PBXGroup;
			children = (
				8CE456FF22D867B7002EA4CF /* NSObject+ALSwizzing.h */,
				8CE4570022D867B7002EA4CF /* NSObject+ALSwizzing.m */,
			);
			path = NSObject;
			sourceTree = "<group>";
		};
		8CE4570222D867BB002EA4CF /* UIView */ = {
			isa = PBXGroup;
			children = (
				8C0C003423614D46007EA32E /* Swift */,
				8CE4570422D867CD002EA4CF /* UIView+ALInController.h */,
				8CE4570322D867CD002EA4CF /* UIView+ALInController.m */,
				8CE4570F22D87113002EA4CF /* UIView+AZLXibExtend.h */,
				8CE4570E22D87113002EA4CF /* UIView+AZLXibExtend.m */,
			);
			path = UIView;
			sourceTree = "<group>";
		};
		8CE4570622D867D6002EA4CF /* NSString */ = {
			isa = PBXGroup;
			children = (
				8CE4570822D867E5002EA4CF /* NSString+ALHelper.h */,
				8CE4570722D867E5002EA4CF /* NSString+ALHelper.m */,
			);
			path = NSString;
			sourceTree = "<group>";
		};
		8CE4570A22D86848002EA4CF /* UIViewController */ = {
			isa = PBXGroup;
			children = (
				8CE4570B22D86856002EA4CF /* UIViewController+AZLTopController.h */,
				8CE4570C22D86856002EA4CF /* UIViewController+AZLTopController.m */,
			);
			path = UIViewController;
			sourceTree = "<group>";
		};
		8CE4571122D871D3002EA4CF /* NSURL */ = {
			isa = PBXGroup;
			children = (
				8CE4571322D871DE002EA4CF /* NSURL+AZLProcess.h */,
				8CE4571222D871DE002EA4CF /* NSURL+AZLProcess.m */,
			);
			path = NSURL;
			sourceTree = "<group>";
		};
		8CE4571522D87326002EA4CF /* UINavigationController */ = {
			isa = PBXGroup;
			children = (
				8CE4571622D87331002EA4CF /* UINavigationController+AZLPop.h */,
				8CE4571722D87331002EA4CF /* UINavigationController+AZLPop.m */,
			);
			path = UINavigationController;
			sourceTree = "<group>";
		};
		8CF75FE722FBDD25002E9CCE /* LeetCodeC */ = {
			isa = PBXGroup;
			children = (
				8CF75FE822FBDD5F002E9CCE /* LeetCodeC.h */,
				8CF75FE922FBDD5F002E9CCE /* LeetCodeC.c */,
				8C4C2AE325D128B500968DA2 /* LeetCodeC2.h */,
				8C4C2AE425D128B500968DA2 /* LeetCodeC2.c */,
			);
			path = LeetCodeC;
			sourceTree = "<group>";
		};
/* End PBXGroup section */

/* Begin PBXNativeTarget section */
		8C6508C5239662C700484C1C /* notification */ = {
			isa = PBXNativeTarget;
			buildConfigurationList = 8C6508CF239662C700484C1C /* Build configuration list for PBXNativeTarget "notification" */;
			buildPhases = (
				8C6508C2239662C700484C1C /* Sources */,
				8C6508C3239662C700484C1C /* Frameworks */,
				8C6508C4239662C700484C1C /* Resources */,
			);
			buildRules = (
			);
			dependencies = (
			);
			name = notification;
			productName = notification;
			productReference = 8C6508C6239662C700484C1C /* notification.appex */;
			productType = "com.apple.product-type.app-extension";
		};
		8CA036222362D946007FAEB2 /* CommonToolTests */ = {
			isa = PBXNativeTarget;
			buildConfigurationList = 8CA0362C2362D946007FAEB2 /* Build configuration list for PBXNativeTarget "CommonToolTests" */;
			buildPhases = (
				8CA0361F2362D946007FAEB2 /* Sources */,
				8CA036202362D946007FAEB2 /* Frameworks */,
				8CA036212362D946007FAEB2 /* Resources */,
			);
			buildRules = (
			);
			dependencies = (
				8CA036292362D946007FAEB2 /* PBXTargetDependency */,
			);
			name = CommonToolTests;
			productName = CommonToolTests;
			productReference = 8CA036232362D946007FAEB2 /* CommonToolTests.xctest */;
			productType = "com.apple.product-type.bundle.unit-test";
		};
		8CC0ABA222BCBBAB001BB84D /* CommonTool */ = {
			isa = PBXNativeTarget;
			buildConfigurationList = 8CC0ABB922BCBBAD001BB84D /* Build configuration list for PBXNativeTarget "CommonTool" */;
			buildPhases = (
				8CC0AB9F22BCBBAB001BB84D /* Sources */,
				8CC0ABA022BCBBAB001BB84D /* Frameworks */,
				8CC0ABA122BCBBAB001BB84D /* Resources */,
				8C6508C12396628600484C1C /* Embed App Extensions */,
			);
			buildRules = (
			);
			dependencies = (
				8CB1E7AF256BC6800088B6F1 /* PBXTargetDependency */,
				8C6508CD239662C700484C1C /* PBXTargetDependency */,
			);
			name = CommonTool;
			productName = CommonTool;
			productReference = 8CC0ABA322BCBBAB001BB84D /* CommonTool.app */;
			productType = "com.apple.product-type.application";
		};
/* End PBXNativeTarget section */

/* Begin PBXProject section */
		8CC0AB9B22BCBBAB001BB84D /* Project object */ = {
			isa = PBXProject;
			attributes = {
				LastSwiftUpdateCheck = 1110;
				LastUpgradeCheck = 1020;
				ORGANIZATIONNAME = AL;
				TargetAttributes = {
					8C6508C5239662C700484C1C = {
						CreatedOnToolsVersion = 11.1;
					};
					8CA036222362D946007FAEB2 = {
						CreatedOnToolsVersion = 11.1;
						TestTargetID = 8CC0ABA222BCBBAB001BB84D;
					};
					8CC0ABA222BCBBAB001BB84D = {
						CreatedOnToolsVersion = 10.2.1;
						LastSwiftMigration = 1110;
					};
				};
			};
			buildConfigurationList = 8CC0AB9E22BCBBAB001BB84D /* Build configuration list for PBXProject "CommonTool" */;
			compatibilityVersion = "Xcode 9.3";
			developmentRegion = en;
			hasScannedForEncodings = 0;
			knownRegions = (
				en,
				Base,
				"zh-Hant",
				"zh-Hans-SG",
				"en-SG",
				"en-MY",
				ms,
				"en-HK",
			);
			mainGroup = 8CC0AB9A22BCBBAB001BB84D;
			productRefGroup = 8CC0ABA422BCBBAB001BB84D /* Products */;
			projectDirPath = "";
			projectReferences = (
				{
					ProductGroup = 8CB1E7A0256BC6160088B6F1 /* Products */;
					ProjectRef = 8CB1E79F256BC6160088B6F1 /* CommonToolExtend.xcodeproj */;
				},
			);
			projectRoot = "";
			targets = (
				8CC0ABA222BCBBAB001BB84D /* CommonTool */,
				8CA036222362D946007FAEB2 /* CommonToolTests */,
				8C6508C5239662C700484C1C /* notification */,
			);
		};
/* End PBXProject section */

/* Begin PBXReferenceProxy section */
		8CB1E7A4256BC6160088B6F1 /* CommonToolExtend.framework */ = {
			isa = PBXReferenceProxy;
			fileType = wrapper.framework;
			path = CommonToolExtend.framework;
			remoteRef = 8CB1E7A3256BC6160088B6F1 /* PBXContainerItemProxy */;
			sourceTree = BUILT_PRODUCTS_DIR;
		};
/* End PBXReferenceProxy section */

/* Begin PBXResourcesBuildPhase section */
		8C6508C4239662C700484C1C /* Resources */ = {
			isa = PBXResourcesBuildPhase;
			buildActionMask = 2147483647;
			files = (
			);
			runOnlyForDeploymentPostprocessing = 0;
		};
		8CA036212362D946007FAEB2 /* Resources */ = {
			isa = PBXResourcesBuildPhase;
			buildActionMask = 2147483647;
			files = (
			);
			runOnlyForDeploymentPostprocessing = 0;
		};
		8CC0ABA122BCBBAB001BB84D /* Resources */ = {
			isa = PBXResourcesBuildPhase;
			buildActionMask = 2147483647;
			files = (
				8CC2069F23FA496100AD3E2E /* ALLabelCollectionViewCell.xib in Resources */,
				8C61BCDF2305087F0011F8E5 /* sourceString2.txt in Resources */,
				8C6D795723570E09004FFF4A /* Localizable.strings in Resources */,
				8C61BCDD2305086F0011F8E5 /* sourceString1.txt in Resources */,
				8CC0ABB322BCBBAD001BB84D /* LaunchScreen.storyboard in Resources */,
				8CC206A923FA688D00AD3E2E /* ALLabelCollectionDemoViewController.xib in Resources */,
				8CC0ABB022BCBBAD001BB84D /* Assets.xcassets in Resources */,
				8CC0ABAE22BCBBAB001BB84D /* Main.storyboard in Resources */,
			);
			runOnlyForDeploymentPostprocessing = 0;
		};
/* End PBXResourcesBuildPhase section */

/* Begin PBXSourcesBuildPhase section */
		8C6508C2239662C700484C1C /* Sources */ = {
			isa = PBXSourcesBuildPhase;
			buildActionMask = 2147483647;
			files = (
				8C6508CA239662C700484C1C /* NotificationService.m in Sources */,
			);
			runOnlyForDeploymentPostprocessing = 0;
		};
		8CA0361F2362D946007FAEB2 /* Sources */ = {
			isa = PBXSourcesBuildPhase;
			buildActionMask = 2147483647;
			files = (
				8CA036262362D946007FAEB2 /* CommonToolTests.m in Sources */,
			);
			runOnlyForDeploymentPostprocessing = 0;
		};
		8CC0AB9F22BCBBAB001BB84D /* Sources */ = {
			isa = PBXSourcesBuildPhase;
			buildActionMask = 2147483647;
			files = (
				8CC0ABAB22BCBBAB001BB84D /* ViewController.m in Sources */,
				8CC206A323FA4D3500AD3E2E /* ALLabelCollectionCellModel.m in Sources */,
				8CC206AD23FA6E4000AD3E2E /* ALPageViewController.m in Sources */,
				8CE4571822D87331002EA4CF /* UINavigationController+AZLPop.m in Sources */,
				8C0C003723614D5C007EA32E /* UIScrollView+ALKeyboard.swift in Sources */,
				8CE4570122D867B7002EA4CF /* NSObject+ALSwizzing.m in Sources */,
				8CC2069A23FA489F00AD3E2E /* ALLabelCollectionView.m in Sources */,
				8C6AB19E2626C7B400043B18 /* LeetCodeC2.c in Sources */,
				8CE4570D22D86856002EA4CF /* UIViewController+AZLTopController.m in Sources */,
				8CE4570522D867CD002EA4CF /* UIView+ALInController.m in Sources */,
				8CC0ABB622BCBBAD001BB84D /* main.m in Sources */,
				8CE4570922D867E5002EA4CF /* NSString+ALHelper.m in Sources */,
				8CC2069E23FA496100AD3E2E /* ALLabelCollectionViewCell.m in Sources */,
				8CE4571022D87113002EA4CF /* UIView+AZLXibExtend.m in Sources */,
				8C61BCDA2305082D0011F8E5 /* CompileSourceParse.m in Sources */,
				8CE4571422D871DE002EA4CF /* NSURL+AZLProcess.m in Sources */,
				8CC0ABA822BCBBAB001BB84D /* AppDelegate.m in Sources */,
				8CC206A823FA688D00AD3E2E /* ALLabelCollectionDemoViewController.m in Sources */,
				8CC206B123FA6E5900AD3E2E /* ALControllerCollectionViewCell.m in Sources */,
				8CF75FEA22FBDD5F002E9CCE /* LeetCodeC.c in Sources */,
			);
			runOnlyForDeploymentPostprocessing = 0;
		};
/* End PBXSourcesBuildPhase section */

/* Begin PBXTargetDependency section */
		8C6508CD239662C700484C1C /* PBXTargetDependency */ = {
			isa = PBXTargetDependency;
			target = 8C6508C5239662C700484C1C /* notification */;
			targetProxy = 8C6508CC239662C700484C1C /* PBXContainerItemProxy */;
		};
		8CA036292362D946007FAEB2 /* PBXTargetDependency */ = {
			isa = PBXTargetDependency;
			target = 8CC0ABA222BCBBAB001BB84D /* CommonTool */;
			targetProxy = 8CA036282362D946007FAEB2 /* PBXContainerItemProxy */;
		};
		8CB1E7AF256BC6800088B6F1 /* PBXTargetDependency */ = {
			isa = PBXTargetDependency;
			name = CommonToolExtend;
			targetProxy = 8CB1E7AE256BC6800088B6F1 /* PBXContainerItemProxy */;
		};
/* End PBXTargetDependency section */

/* Begin PBXVariantGroup section */
		8C6D795523570E09004FFF4A /* Localizable.strings */ = {
			isa = PBXVariantGroup;
			children = (
				8C6D795623570E09004FFF4A /* Base */,
				8C6D795923570E19004FFF4A /* en */,
				8C39A02E23585235006CC5DC /* zh-Hant */,
				8C39A03123585256006CC5DC /* zh-Hans-SG */,
				8C39A03423585280006CC5DC /* en-SG */,
				8C39A03723585297006CC5DC /* en-MY */,
				8C39A03A235852B3006CC5DC /* ms */,
				8C39A03D235852EB006CC5DC /* en-HK */,
			);
			name = Localizable.strings;
			sourceTree = "<group>";
		};
		8CC0ABAC22BCBBAB001BB84D /* Main.storyboard */ = {
			isa = PBXVariantGroup;
			children = (
				8CC0ABAD22BCBBAB001BB84D /* Base */,
				8C39A02C23585234006CC5DC /* zh-Hant */,
				8C39A02F23585256006CC5DC /* zh-Hans-SG */,
				8C39A0322358527F006CC5DC /* en-SG */,
				8C39A03523585297006CC5DC /* en-MY */,
				8C39A038235852B3006CC5DC /* ms */,
				8C39A03B235852EB006CC5DC /* en-HK */,
			);
			name = Main.storyboard;
			sourceTree = "<group>";
		};
		8CC0ABB122BCBBAD001BB84D /* LaunchScreen.storyboard */ = {
			isa = PBXVariantGroup;
			children = (
				8CC0ABB222BCBBAD001BB84D /* Base */,
				8C39A02D23585235006CC5DC /* zh-Hant */,
				8C39A03023585256006CC5DC /* zh-Hans-SG */,
				8C39A03323585280006CC5DC /* en-SG */,
				8C39A03623585297006CC5DC /* en-MY */,
				8C39A039235852B3006CC5DC /* ms */,
				8C39A03C235852EB006CC5DC /* en-HK */,
			);
			name = LaunchScreen.storyboard;
			sourceTree = "<group>";
		};
/* End PBXVariantGroup section */

/* Begin XCBuildConfiguration section */
		8C6508D0239662C700484C1C /* Debug */ = {
			isa = XCBuildConfiguration;
			buildSettings = {
				CODE_SIGN_STYLE = Automatic;
				INFOPLIST_FILE = notification/Info.plist;
				IPHONEOS_DEPLOYMENT_TARGET = 13.1;
				LD_RUNPATH_SEARCH_PATHS = (
					"$(inherited)",
					"@executable_path/Frameworks",
					"@executable_path/../../Frameworks",
				);
				PRODUCT_BUNDLE_IDENTIFIER = com.al.CommonTool.notification;
				PRODUCT_NAME = "$(TARGET_NAME)";
				SKIP_INSTALL = YES;
				TARGETED_DEVICE_FAMILY = "1,2";
			};
			name = Debug;
		};
		8C6508D1239662C700484C1C /* Release */ = {
			isa = XCBuildConfiguration;
			buildSettings = {
				CODE_SIGN_STYLE = Automatic;
				INFOPLIST_FILE = notification/Info.plist;
				IPHONEOS_DEPLOYMENT_TARGET = 13.1;
				LD_RUNPATH_SEARCH_PATHS = (
					"$(inherited)",
					"@executable_path/Frameworks",
					"@executable_path/../../Frameworks",
				);
				PRODUCT_BUNDLE_IDENTIFIER = com.al.CommonTool.notification;
				PRODUCT_NAME = "$(TARGET_NAME)";
				SKIP_INSTALL = YES;
				TARGETED_DEVICE_FAMILY = "1,2";
			};
			name = Release;
		};
		8CA0362A2362D946007FAEB2 /* Debug */ = {
			isa = XCBuildConfiguration;
			buildSettings = {
				ALWAYS_EMBED_SWIFT_STANDARD_LIBRARIES = YES;
				BUNDLE_LOADER = "$(TEST_HOST)";
				CODE_SIGN_STYLE = Automatic;
				INFOPLIST_FILE = CommonToolTests/Info.plist;
				IPHONEOS_DEPLOYMENT_TARGET = 13.1;
				LD_RUNPATH_SEARCH_PATHS = (
					"$(inherited)",
					"@executable_path/Frameworks",
					"@loader_path/Frameworks",
				);
				PRODUCT_BUNDLE_IDENTIFIER = com.al.CommonToolTests;
				PRODUCT_NAME = "$(TARGET_NAME)";
				TARGETED_DEVICE_FAMILY = "1,2";
				TEST_HOST = "$(BUILT_PRODUCTS_DIR)/CommonTool.app/CommonTool";
			};
			name = Debug;
		};
		8CA0362B2362D946007FAEB2 /* Release */ = {
			isa = XCBuildConfiguration;
			buildSettings = {
				ALWAYS_EMBED_SWIFT_STANDARD_LIBRARIES = YES;
				BUNDLE_LOADER = "$(TEST_HOST)";
				CODE_SIGN_STYLE = Automatic;
				INFOPLIST_FILE = CommonToolTests/Info.plist;
				IPHONEOS_DEPLOYMENT_TARGET = 13.1;
				LD_RUNPATH_SEARCH_PATHS = (
					"$(inherited)",
					"@executable_path/Frameworks",
					"@loader_path/Frameworks",
				);
				PRODUCT_BUNDLE_IDENTIFIER = com.al.CommonToolTests;
				PRODUCT_NAME = "$(TARGET_NAME)";
				TARGETED_DEVICE_FAMILY = "1,2";
				TEST_HOST = "$(BUILT_PRODUCTS_DIR)/CommonTool.app/CommonTool";
			};
			name = Release;
		};
		8CC0ABB722BCBBAD001BB84D /* Debug */ = {
			isa = XCBuildConfiguration;
			buildSettings = {
				ALWAYS_SEARCH_USER_PATHS = NO;
				CLANG_ANALYZER_LOCALIZABILITY_NONLOCALIZED = YES;
				CLANG_ANALYZER_NONNULL = YES;
				CLANG_ANALYZER_NUMBER_OBJECT_CONVERSION = YES_AGGRESSIVE;
				CLANG_CXX_LANGUAGE_STANDARD = "gnu++14";
				CLANG_CXX_LIBRARY = "libc++";
				CLANG_ENABLE_MODULES = YES;
				CLANG_ENABLE_OBJC_ARC = YES;
				CLANG_ENABLE_OBJC_WEAK = YES;
				CLANG_WARN_BLOCK_CAPTURE_AUTORELEASING = YES;
				CLANG_WARN_BOOL_CONVERSION = YES;
				CLANG_WARN_COMMA = YES;
				CLANG_WARN_CONSTANT_CONVERSION = YES;
				CLANG_WARN_DEPRECATED_OBJC_IMPLEMENTATIONS = YES;
				CLANG_WARN_DIRECT_OBJC_ISA_USAGE = YES_ERROR;
				CLANG_WARN_DOCUMENTATION_COMMENTS = YES;
				CLANG_WARN_EMPTY_BODY = YES;
				CLANG_WARN_ENUM_CONVERSION = YES;
				CLANG_WARN_INFINITE_RECURSION = YES;
				CLANG_WARN_INT_CONVERSION = YES;
				CLANG_WARN_NON_LITERAL_NULL_CONVERSION = YES;
				CLANG_WARN_OBJC_IMPLICIT_RETAIN_SELF = YES;
				CLANG_WARN_OBJC_LITERAL_CONVERSION = YES;
				CLANG_WARN_OBJC_ROOT_CLASS = YES_ERROR;
				CLANG_WARN_RANGE_LOOP_ANALYSIS = YES;
				CLANG_WARN_STRICT_PROTOTYPES = YES;
				CLANG_WARN_SUSPICIOUS_MOVE = YES;
				CLANG_WARN_UNGUARDED_AVAILABILITY = YES_AGGRESSIVE;
				CLANG_WARN_UNREACHABLE_CODE = YES;
				CLANG_WARN__DUPLICATE_METHOD_MATCH = YES;
				CODE_SIGN_IDENTITY = "iPhone Developer";
				COPY_PHASE_STRIP = NO;
				DEBUG_INFORMATION_FORMAT = dwarf;
				ENABLE_STRICT_OBJC_MSGSEND = YES;
				ENABLE_TESTABILITY = YES;
				GCC_C_LANGUAGE_STANDARD = gnu11;
				GCC_DYNAMIC_NO_PIC = NO;
				GCC_NO_COMMON_BLOCKS = YES;
				GCC_OPTIMIZATION_LEVEL = 0;
				GCC_PREPROCESSOR_DEFINITIONS = (
					"DEBUG=1",
					"$(inherited)",
				);
				GCC_WARN_64_TO_32_BIT_CONVERSION = YES;
				GCC_WARN_ABOUT_RETURN_TYPE = YES_ERROR;
				GCC_WARN_UNDECLARED_SELECTOR = YES;
				GCC_WARN_UNINITIALIZED_AUTOS = YES_AGGRESSIVE;
				GCC_WARN_UNUSED_FUNCTION = YES;
				GCC_WARN_UNUSED_VARIABLE = YES;
				IPHONEOS_DEPLOYMENT_TARGET = 12.2;
				MTL_ENABLE_DEBUG_INFO = INCLUDE_SOURCE;
				MTL_FAST_MATH = YES;
				ONLY_ACTIVE_ARCH = YES;
				SDKROOT = iphoneos;
			};
			name = Debug;
		};
		8CC0ABB822BCBBAD001BB84D /* Release */ = {
			isa = XCBuildConfiguration;
			buildSettings = {
				ALWAYS_SEARCH_USER_PATHS = NO;
				CLANG_ANALYZER_LOCALIZABILITY_NONLOCALIZED = YES;
				CLANG_ANALYZER_NONNULL = YES;
				CLANG_ANALYZER_NUMBER_OBJECT_CONVERSION = YES_AGGRESSIVE;
				CLANG_CXX_LANGUAGE_STANDARD = "gnu++14";
				CLANG_CXX_LIBRARY = "libc++";
				CLANG_ENABLE_MODULES = YES;
				CLANG_ENABLE_OBJC_ARC = YES;
				CLANG_ENABLE_OBJC_WEAK = YES;
				CLANG_WARN_BLOCK_CAPTURE_AUTORELEASING = YES;
				CLANG_WARN_BOOL_CONVERSION = YES;
				CLANG_WARN_COMMA = YES;
				CLANG_WARN_CONSTANT_CONVERSION = YES;
				CLANG_WARN_DEPRECATED_OBJC_IMPLEMENTATIONS = YES;
				CLANG_WARN_DIRECT_OBJC_ISA_USAGE = YES_ERROR;
				CLANG_WARN_DOCUMENTATION_COMMENTS = YES;
				CLANG_WARN_EMPTY_BODY = YES;
				CLANG_WARN_ENUM_CONVERSION = YES;
				CLANG_WARN_INFINITE_RECURSION = YES;
				CLANG_WARN_INT_CONVERSION = YES;
				CLANG_WARN_NON_LITERAL_NULL_CONVERSION = YES;
				CLANG_WARN_OBJC_IMPLICIT_RETAIN_SELF = YES;
				CLANG_WARN_OBJC_LITERAL_CONVERSION = YES;
				CLANG_WARN_OBJC_ROOT_CLASS = YES_ERROR;
				CLANG_WARN_RANGE_LOOP_ANALYSIS = YES;
				CLANG_WARN_STRICT_PROTOTYPES = YES;
				CLANG_WARN_SUSPICIOUS_MOVE = YES;
				CLANG_WARN_UNGUARDED_AVAILABILITY = YES_AGGRESSIVE;
				CLANG_WARN_UNREACHABLE_CODE = YES;
				CLANG_WARN__DUPLICATE_METHOD_MATCH = YES;
				CODE_SIGN_IDENTITY = "iPhone Developer";
				COPY_PHASE_STRIP = NO;
				DEBUG_INFORMATION_FORMAT = "dwarf-with-dsym";
				ENABLE_NS_ASSERTIONS = NO;
				ENABLE_STRICT_OBJC_MSGSEND = YES;
				GCC_C_LANGUAGE_STANDARD = gnu11;
				GCC_NO_COMMON_BLOCKS = YES;
				GCC_WARN_64_TO_32_BIT_CONVERSION = YES;
				GCC_WARN_ABOUT_RETURN_TYPE = YES_ERROR;
				GCC_WARN_UNDECLARED_SELECTOR = YES;
				GCC_WARN_UNINITIALIZED_AUTOS = YES_AGGRESSIVE;
				GCC_WARN_UNUSED_FUNCTION = YES;
				GCC_WARN_UNUSED_VARIABLE = YES;
				IPHONEOS_DEPLOYMENT_TARGET = 12.2;
				MTL_ENABLE_DEBUG_INFO = NO;
				MTL_FAST_MATH = YES;
				SDKROOT = iphoneos;
				VALIDATE_PRODUCT = YES;
			};
			name = Release;
		};
		8CC0ABBA22BCBBAD001BB84D /* Debug */ = {
			isa = XCBuildConfiguration;
			buildSettings = {
				ALWAYS_EMBED_SWIFT_STANDARD_LIBRARIES = YES;
				ASSETCATALOG_COMPILER_APPICON_NAME = AppIcon;
				CLANG_ENABLE_MODULES = YES;
				CODE_SIGN_ENTITLEMENTS = CommonTool/CommonTool.entitlements;
				CODE_SIGN_STYLE = Automatic;
				INFOPLIST_FILE = CommonTool/Info.plist;
				LD_RUNPATH_SEARCH_PATHS = (
					"$(inherited)",
					"@executable_path/Frameworks",
				);
				PRODUCT_BUNDLE_IDENTIFIER = com.al.CommonTool;
				PRODUCT_NAME = "$(TARGET_NAME)";
				SWIFT_OBJC_BRIDGING_HEADER = "../CommonTool/CommonTool/CommonTool-Bridging-Header.h";
				SWIFT_OPTIMIZATION_LEVEL = "-Onone";
				SWIFT_VERSION = 5.0;
				TARGETED_DEVICE_FAMILY = "1,2";
			};
			name = Debug;
		};
		8CC0ABBB22BCBBAD001BB84D /* Release */ = {
			isa = XCBuildConfiguration;
			buildSettings = {
				ALWAYS_EMBED_SWIFT_STANDARD_LIBRARIES = YES;
				ASSETCATALOG_COMPILER_APPICON_NAME = AppIcon;
				CLANG_ENABLE_MODULES = YES;
				CODE_SIGN_ENTITLEMENTS = CommonTool/CommonTool.entitlements;
				CODE_SIGN_STYLE = Automatic;
				INFOPLIST_FILE = CommonTool/Info.plist;
				LD_RUNPATH_SEARCH_PATHS = (
					"$(inherited)",
					"@executable_path/Frameworks",
				);
				PRODUCT_BUNDLE_IDENTIFIER = com.al.CommonTool;
				PRODUCT_NAME = "$(TARGET_NAME)";
				SWIFT_OBJC_BRIDGING_HEADER = "../CommonTool/CommonTool/CommonTool-Bridging-Header.h";
				SWIFT_VERSION = 5.0;
				TARGETED_DEVICE_FAMILY = "1,2";
			};
			name = Release;
		};
/* End XCBuildConfiguration section */

/* Begin XCConfigurationList section */
		8C6508CF239662C700484C1C /* Build configuration list for PBXNativeTarget "notification" */ = {
			isa = XCConfigurationList;
			buildConfigurations = (
				8C6508D0239662C700484C1C /* Debug */,
				8C6508D1239662C700484C1C /* Release */,
			);
			defaultConfigurationIsVisible = 0;
			defaultConfigurationName = Release;
		};
		8CA0362C2362D946007FAEB2 /* Build configuration list for PBXNativeTarget "CommonToolTests" */ = {
			isa = XCConfigurationList;
			buildConfigurations = (
				8CA0362A2362D946007FAEB2 /* Debug */,
				8CA0362B2362D946007FAEB2 /* Release */,
			);
			defaultConfigurationIsVisible = 0;
			defaultConfigurationName = Release;
		};
		8CC0AB9E22BCBBAB001BB84D /* Build configuration list for PBXProject "CommonTool" */ = {
			isa = XCConfigurationList;
			buildConfigurations = (
				8CC0ABB722BCBBAD001BB84D /* Debug */,
				8CC0ABB822BCBBAD001BB84D /* Release */,
			);
			defaultConfigurationIsVisible = 0;
			defaultConfigurationName = Release;
		};
		8CC0ABB922BCBBAD001BB84D /* Build configuration list for PBXNativeTarget "CommonTool" */ = {
			isa = XCConfigurationList;
			buildConfigurations = (
				8CC0ABBA22BCBBAD001BB84D /* Debug */,
				8CC0ABBB22BCBBAD001BB84D /* Release */,
			);
			defaultConfigurationIsVisible = 0;
			defaultConfigurationName = Release;
		};
/* End XCConfigurationList section */
	};
	rootObject = 8CC0AB9B22BCBBAB001BB84D /* Project object */;
}
